
Microsoft Visual Studio Solution File, Format Version 12.00
# Visual Studio Version 17
VisualStudioVersion = 17.6.33829.357
MinimumVisualStudioVersion = 10.0.40219.1
Project("{FAE04EC0-301F-11D3-BF4B-00C04F79EFBC}") = "home_work8", "home_work8.csproj", "{BFC91A8E-78A7-4237-AE5C-629028876746}"
EndProject
Global
	GlobalSection(SolutionConfigurationPlatforms) = preSolution
		Debug|Any CPU = Debug|Any CPU
		Release|Any CPU = Release|Any CPU
	EndGlobalSection
	GlobalSection(ProjectConfigurationPlatforms) = postSolution
		{BFC91A8E-78A7-4237-AE5C-629028876746}.Debug|Any CPU.ActiveCfg = Debug|Any CPU
		{BFC91A8E-78A7-4237-AE5C-629028876746}.Debug|Any CPU.Build.0 = Debug|Any CPU
		{BFC91A8E-78A7-4237-AE5C-629028876746}.Release|Any CPU.ActiveCfg = Release|Any CPU
		{BFC91A8E-78A7-4237-AE5C-629028876746}.Release|Any CPU.Build.0 = Release|Any CPU
	EndGlobalSection
	GlobalSection(SolutionProperties) = preSolution
		HideSolutionNode = FALSE
	EndGlobalSection
	GlobalSection(ExtensibilityGlobals) = postSolution
		SolutionGuid = {FD60C71A-3537-4521-9818-A2D56B732BDE}
	EndGlobalSection
EndGlobal
