
Microsoft Visual Studio Solution File, Format Version 12.00
# Visual Studio Version 17
VisualStudioVersion = 17.6.33829.357
MinimumVisualStudioVersion = 10.0.40219.1
Project("{FAE04EC0-301F-11D3-BF4B-00C04F79EFBC}") = "home_work6", "home_work6.csproj", "{AB2C9E68-AAB9-4781-9758-A5CC06DA7234}"
EndProject
Global
	GlobalSection(SolutionConfigurationPlatforms) = preSolution
		Debug|Any CPU = Debug|Any CPU
		Release|Any CPU = Release|Any CPU
	EndGlobalSection
	GlobalSection(ProjectConfigurationPlatforms) = postSolution
		{AB2C9E68-AAB9-4781-9758-A5CC06DA7234}.Debug|Any CPU.ActiveCfg = Debug|Any CPU
		{AB2C9E68-AAB9-4781-9758-A5CC06DA7234}.Debug|Any CPU.Build.0 = Debug|Any CPU
		{AB2C9E68-AAB9-4781-9758-A5CC06DA7234}.Release|Any CPU.ActiveCfg = Release|Any CPU
		{AB2C9E68-AAB9-4781-9758-A5CC06DA7234}.Release|Any CPU.Build.0 = Release|Any CPU
	EndGlobalSection
	GlobalSection(SolutionProperties) = preSolution
		HideSolutionNode = FALSE
	EndGlobalSection
	GlobalSection(ExtensibilityGlobals) = postSolution
		SolutionGuid = {6754B76F-F335-4BE4-B0EE-71AD33E415D7}
	EndGlobalSection
EndGlobal
